<?xml version="1.0" encoding="utf-8"?>
<Project ToolsVersion="4.0" xmlns="http://schemas.microsoft.com/developer/msbuild/2003">
  <ItemGroup>
    <Filter Include="Source Files">
      <UniqueIdentifier>{4FC737F1-C7A5-4376-A066-2A32D752A2FF}</UniqueIdentifier>
      <Extensions>cpp;c;cc;cxx;def;odl;idl;hpj;bat;asm;asmx</Extensions>
    </Filter>
    <Filter Include="Header Files">
      <UniqueIdentifier>{93995380-89BD-4b04-88EB-625FBE52EBFB}</UniqueIdentifier>
      <Extensions>h;hh;hpp;hxx;hm;inl;inc;xsd</Extensions>
    </Filter>
    <Filter Include="Source Files\Scenes">
      <UniqueIdentifier>{80777a07-26ce-4217-b01b-19bcbf49947d}</UniqueIdentifier>
    </Filter>
    <Filter Include="Source Files\Drawable">
      <UniqueIdentifier>{05d733c1-19bf-4518-8060-af6a3a4a403d}</UniqueIdentifier>
    </Filter>
    <Filter Include="Source Files\Characters">
      <UniqueIdentifier>{e8b727cb-7745-4e94-a752-178a4b4e2e7a}</UniqueIdentifier>
    </Filter>
    <Filter Include="Source Files\Utils">
      <UniqueIdentifier>{85c3ab58-23ca-4770-864b-27d1cdf6b353}</UniqueIdentifier>
    </Filter>
  </ItemGroup>
  <ItemGroup>
    <None Include="packages.config" />
  </ItemGroup>
  <ItemGroup>
    <ClCompile Include="Sources\MenuPrincipal.cpp">
      <Filter>Source Files\Scenes</Filter>
    </ClCompile>
    <ClCompile Include="Sources\RythmNBlood.cpp">
      <Filter>Source Files\Scenes</Filter>
    </ClCompile>
    <ClCompile Include="Sources\VirtualScene.cpp">
      <Filter>Source Files\Scenes</Filter>
    </ClCompile>
    <ClCompile Include="Sources\DrawableVirtual.cpp">
      <Filter>Source Files\Drawable</Filter>
    </ClCompile>
    <ClCompile Include="Sources\DrawableFixed.cpp">
      <Filter>Source Files\Drawable</Filter>
    </ClCompile>
    <ClCompile Include="Sources\WindowManager.cpp">
      <Filter>Source Files</Filter>
    </ClCompile>
    <ClCompile Include="Main.cpp">
      <Filter>Source Files</Filter>
    </ClCompile>
    <ClCompile Include="Sources\Player.cpp">
      <Filter>Source Files\Characters</Filter>
    </ClCompile>
    <ClCompile Include="Sources\Ennemi.cpp">
      <Filter>Source Files\Characters</Filter>
    </ClCompile>
    <ClCompile Include="Sources\Bouton.cpp">
      <Filter>Source Files\Drawable</Filter>
    </ClCompile>
    <ClCompile Include="Sources\SceneManager.cpp">
      <Filter>Source Files\Utils</Filter>
    </ClCompile>
    <ClCompile Include="Sources\SceneBoss.cpp">
      <Filter>Source Files\Scenes</Filter>
    </ClCompile>
    <ClCompile Include="Sources\Random.cpp">
      <Filter>Source Files\Utils</Filter>
    </ClCompile>
    <ClCompile Include="Sources\Replique.cpp">
      <Filter>Source Files\Utils</Filter>
    </ClCompile>
  </ItemGroup>
  <ItemGroup>
    <ClInclude Include="Sources\VirtualScene.h">
      <Filter>Source Files\Scenes</Filter>
    </ClInclude>
    <ClInclude Include="Sources\RythmNBlood.h">
      <Filter>Source Files\Scenes</Filter>
    </ClInclude>
    <ClInclude Include="Sources\MenuPrincipal.h">
      <Filter>Source Files\Scenes</Filter>
    </ClInclude>
    <ClInclude Include="Sources\DrawableFixed.h">
      <Filter>Source Files\Drawable</Filter>
    </ClInclude>
    <ClInclude Include="Sources\DrawableVirtual.h">
      <Filter>Source Files\Drawable</Filter>
    </ClInclude>
    <ClInclude Include="Sources\WindowManager.h">
      <Filter>Source Files</Filter>
    </ClInclude>
    <ClInclude Include="Sources\Player.h">
      <Filter>Source Files\Characters</Filter>
    </ClInclude>
    <ClInclude Include="Sources\Ennemi.h">
      <Filter>Source Files\Characters</Filter>
    </ClInclude>
    <ClInclude Include="..\Shonen%27em all\Sources\WindowManager.h">
      <Filter>Header Files</Filter>
    </ClInclude>
    <ClInclude Include="Sources\Bouton.h">
      <Filter>Source Files\Drawable</Filter>
    </ClInclude>
    <ClInclude Include="Sources\SceneManager.h">
      <Filter>Source Files\Utils</Filter>
    </ClInclude>
    <ClInclude Include="Sources\SceneBoss.h">
      <Filter>Source Files\Scenes</Filter>
    </ClInclude>
    <ClInclude Include="Sources\Replique.h">
      <Filter>Source Files\Utils</Filter>
    </ClInclude>
    <ClInclude Include="Sources\Random.h">
      <Filter>Source Files\Utils</Filter>
    </ClInclude>
    <ClInclude Include="Sources\Global.h">
      <Filter>Source Files</Filter>
    </ClInclude>
  </ItemGroup>
</Project>